// !$*UTF8*$!
{
	archiveVersion = 1;
	classes = {
	};
	objectVersion = 56;
	objects = {

/* Begin PBXBuildFile section */
		DA00C105296B4A660091D13A /* ThemeManager.swift in Sources */ = {isa = PBXBuildFile; fileRef = DA00C104296B4A660091D13A /* ThemeManager.swift */; };
		DA06743D29682B0600817FC8 /* Time.swift in Sources */ = {isa = PBXBuildFile; fileRef = DA06743C29682B0600817FC8 /* Time.swift */; };
		DA06743F29682F1B00817FC8 /* EventTableViewCell.swift in Sources */ = {isa = PBXBuildFile; fileRef = DA06743E29682F1B00817FC8 /* EventTableViewCell.swift */; };
		DA06744129682F2800817FC8 /* EventCell.xib in Resources */ = {isa = PBXBuildFile; fileRef = DA06744029682F2800817FC8 /* EventCell.xib */; };
		DA067443296838E600817FC8 /* EventModel.swift in Sources */ = {isa = PBXBuildFile; fileRef = DA067442296838E600817FC8 /* EventModel.swift */; };
		DA0674462968392000817FC8 /* RealmSwift in Frameworks */ = {isa = PBXBuildFile; productRef = DA0674452968392000817FC8 /* RealmSwift */; };
		DA0674482968418500817FC8 /* StorageManager.swift in Sources */ = {isa = PBXBuildFile; fileRef = DA0674472968418400817FC8 /* StorageManager.swift */; };
		DA20DC1229670DDF00ECD829 /* AppDelegate.swift in Sources */ = {isa = PBXBuildFile; fileRef = DA20DC1129670DDF00ECD829 /* AppDelegate.swift */; };
		DA20DC1429670DDF00ECD829 /* SceneDelegate.swift in Sources */ = {isa = PBXBuildFile; fileRef = DA20DC1329670DDF00ECD829 /* SceneDelegate.swift */; };
		DA20DC1629670DDF00ECD829 /* ViewController.swift in Sources */ = {isa = PBXBuildFile; fileRef = DA20DC1529670DDF00ECD829 /* ViewController.swift */; };
		DA20DC1929670DDF00ECD829 /* Main.storyboard in Resources */ = {isa = PBXBuildFile; fileRef = DA20DC1729670DDF00ECD829 /* Main.storyboard */; };
		DA20DC1E29670DE000ECD829 /* Assets.xcassets in Resources */ = {isa = PBXBuildFile; fileRef = DA20DC1D29670DE000ECD829 /* Assets.xcassets */; };
		DA20DC2129670DE000ECD829 /* LaunchScreen.storyboard in Resources */ = {isa = PBXBuildFile; fileRef = DA20DC1F29670DE000ECD829 /* LaunchScreen.storyboard */; };
		DA3B033B2967259E0038307C /* FSCalendar in Frameworks */ = {isa = PBXBuildFile; productRef = DA3B033A2967259E0038307C /* FSCalendar */; };
		DA4A547C29716A1200E86F6F /* CloudConfig.swift in Sources */ = {isa = PBXBuildFile; fileRef = DA4A547A29716A1200E86F6F /* CloudConfig.swift */; };
		DA4A547D29716A1200E86F6F /* CloudManager.swift in Sources */ = {isa = PBXBuildFile; fileRef = DA4A547B29716A1200E86F6F /* CloudManager.swift */; };
		DA50AE73296AC01000825C36 /* Circle.swift in Sources */ = {isa = PBXBuildFile; fileRef = DA50AE72296AC01000825C36 /* Circle.swift */; };
		DA50AE75296AC80A00825C36 /* ColorCollectionViewCell.swift in Sources */ = {isa = PBXBuildFile; fileRef = DA50AE74296AC80A00825C36 /* ColorCollectionViewCell.swift */; };
		DA6F8ABF296C02B20077DCDB /* ViewController - Extensions.swift in Sources */ = {isa = PBXBuildFile; fileRef = DA6F8ABE296C02B20077DCDB /* ViewController - Extensions.swift */; };
		DA8D8E02297032C000CD764B /* TintTextField.swift in Sources */ = {isa = PBXBuildFile; fileRef = DA8D8E01297032C000CD764B /* TintTextField.swift */; };
		DAAE4CFE29698EF000682675 /* SearchTableViewController.swift in Sources */ = {isa = PBXBuildFile; fileRef = DAAE4CFD29698EF000682675 /* SearchTableViewController.swift */; };
		DAC54D5E296AD53B00125ADF /* SettingsViewController.swift in Sources */ = {isa = PBXBuildFile; fileRef = DAC54D5D296AD53B00125ADF /* SettingsViewController.swift */; };
		DAC54D60296AE05400125ADF /* ColorSettingsCell.xib in Resources */ = {isa = PBXBuildFile; fileRef = DAC54D5F296AE05400125ADF /* ColorSettingsCell.xib */; };
		DAC54D62296AE0E100125ADF /* ColorSettingsTableViewCell.swift in Sources */ = {isa = PBXBuildFile; fileRef = DAC54D61296AE0E100125ADF /* ColorSettingsTableViewCell.swift */; };
		DAC54D69296AF32A00125ADF /* ColorSetup.swift in Sources */ = {isa = PBXBuildFile; fileRef = DAC54D68296AF32A00125ADF /* ColorSetup.swift */; };
		DAC54D6C296AF4BC00125ADF /* Pikko in Frameworks */ = {isa = PBXBuildFile; productRef = DAC54D6B296AF4BC00125ADF /* Pikko */; };
		DAD3E3A02969D6AE00EFDF5E /* Extensions.swift in Sources */ = {isa = PBXBuildFile; fileRef = DAD3E39F2969D6AE00EFDF5E /* Extensions.swift */; };
		DADF8B7E29675E260019A118 /* EventsManager.swift in Sources */ = {isa = PBXBuildFile; fileRef = DADF8B7D29675E260019A118 /* EventsManager.swift */; };
		DADF8B8029675FA10019A118 /* EventEditViewController.swift in Sources */ = {isa = PBXBuildFile; fileRef = DADF8B7F29675FA10019A118 /* EventEditViewController.swift */; };
		DAFD84B5296D53C4008B7F73 /* Alerts.swift in Sources */ = {isa = PBXBuildFile; fileRef = DAFD84B4296D53C4008B7F73 /* Alerts.swift */; };
		DAFD84B8296D5875008B7F73 /* WallpaperSetup.swift in Sources */ = {isa = PBXBuildFile; fileRef = DAFD84B7296D5875008B7F73 /* WallpaperSetup.swift */; };
/* End PBXBuildFile section */

/* Begin PBXFileReference section */
		DA00C104296B4A660091D13A /* ThemeManager.swift */ = {isa = PBXFileReference; lastKnownFileType = sourcecode.swift; path = ThemeManager.swift; sourceTree = "<group>"; };
		DA06743C29682B0600817FC8 /* Time.swift */ = {isa = PBXFileReference; lastKnownFileType = sourcecode.swift; path = Time.swift; sourceTree = "<group>"; };
		DA06743E29682F1B00817FC8 /* EventTableViewCell.swift */ = {isa = PBXFileReference; lastKnownFileType = sourcecode.swift; path = EventTableViewCell.swift; sourceTree = "<group>"; };
		DA06744029682F2800817FC8 /* EventCell.xib */ = {isa = PBXFileReference; lastKnownFileType = file.xib; path = EventCell.xib; sourceTree = "<group>"; };
		DA067442296838E600817FC8 /* EventModel.swift */ = {isa = PBXFileReference; lastKnownFileType = sourcecode.swift; path = EventModel.swift; sourceTree = "<group>"; };
		DA0674472968418400817FC8 /* StorageManager.swift */ = {isa = PBXFileReference; fileEncoding = 4; lastKnownFileType = sourcecode.swift; path = StorageManager.swift; sourceTree = "<group>"; };
		DA20DC0E29670DDF00ECD829 /* EventList.app */ = {isa = PBXFileReference; explicitFileType = wrapper.application; includeInIndex = 0; path = EventList.app; sourceTree = BUILT_PRODUCTS_DIR; };
		DA20DC1129670DDF00ECD829 /* AppDelegate.swift */ = {isa = PBXFileReference; lastKnownFileType = sourcecode.swift; path = AppDelegate.swift; sourceTree = "<group>"; };
		DA20DC1329670DDF00ECD829 /* SceneDelegate.swift */ = {isa = PBXFileReference; lastKnownFileType = sourcecode.swift; path = SceneDelegate.swift; sourceTree = "<group>"; };
		DA20DC1529670DDF00ECD829 /* ViewController.swift */ = {isa = PBXFileReference; lastKnownFileType = sourcecode.swift; path = ViewController.swift; sourceTree = "<group>"; };
		DA20DC1829670DDF00ECD829 /* Base */ = {isa = PBXFileReference; lastKnownFileType = file.storyboard; name = Base; path = Base.lproj/Main.storyboard; sourceTree = "<group>"; };
		DA20DC1D29670DE000ECD829 /* Assets.xcassets */ = {isa = PBXFileReference; lastKnownFileType = folder.assetcatalog; path = Assets.xcassets; sourceTree = "<group>"; };
		DA20DC2029670DE000ECD829 /* Base */ = {isa = PBXFileReference; lastKnownFileType = file.storyboard; name = Base; path = Base.lproj/LaunchScreen.storyboard; sourceTree = "<group>"; };
		DA20DC2229670DE000ECD829 /* Info.plist */ = {isa = PBXFileReference; lastKnownFileType = text.plist.xml; path = Info.plist; sourceTree = "<group>"; };
		DA4A547A29716A1200E86F6F /* CloudConfig.swift */ = {isa = PBXFileReference; fileEncoding = 4; lastKnownFileType = sourcecode.swift; path = CloudConfig.swift; sourceTree = "<group>"; };
		DA4A547B29716A1200E86F6F /* CloudManager.swift */ = {isa = PBXFileReference; fileEncoding = 4; lastKnownFileType = sourcecode.swift; path = CloudManager.swift; sourceTree = "<group>"; };
		DA50AE72296AC01000825C36 /* Circle.swift */ = {isa = PBXFileReference; lastKnownFileType = sourcecode.swift; path = Circle.swift; sourceTree = "<group>"; };
		DA50AE74296AC80A00825C36 /* ColorCollectionViewCell.swift */ = {isa = PBXFileReference; lastKnownFileType = sourcecode.swift; path = ColorCollectionViewCell.swift; sourceTree = "<group>"; };
		DA6D7666296EC3ED005BD178 /* MyEventPlanner.entitlements */ = {isa = PBXFileReference; lastKnownFileType = text.plist.entitlements; path = MyEventPlanner.entitlements; sourceTree = "<group>"; };
		DA6F8ABE296C02B20077DCDB /* ViewController - Extensions.swift */ = {isa = PBXFileReference; lastKnownFileType = sourcecode.swift; path = "ViewController - Extensions.swift"; sourceTree = "<group>"; };
		DA8D8E01297032C000CD764B /* TintTextField.swift */ = {isa = PBXFileReference; lastKnownFileType = sourcecode.swift; path = TintTextField.swift; sourceTree = "<group>"; };
		DAAE4CFD29698EF000682675 /* SearchTableViewController.swift */ = {isa = PBXFileReference; lastKnownFileType = sourcecode.swift; path = SearchTableViewController.swift; sourceTree = "<group>"; };
		DAC54D5D296AD53B00125ADF /* SettingsViewController.swift */ = {isa = PBXFileReference; lastKnownFileType = sourcecode.swift; path = SettingsViewController.swift; sourceTree = "<group>"; };
		DAC54D5F296AE05400125ADF /* ColorSettingsCell.xib */ = {isa = PBXFileReference; lastKnownFileType = file.xib; path = ColorSettingsCell.xib; sourceTree = "<group>"; };
		DAC54D61296AE0E100125ADF /* ColorSettingsTableViewCell.swift */ = {isa = PBXFileReference; lastKnownFileType = sourcecode.swift; path = ColorSettingsTableViewCell.swift; sourceTree = "<group>"; };
		DAC54D68296AF32A00125ADF /* ColorSetup.swift */ = {isa = PBXFileReference; lastKnownFileType = sourcecode.swift; path = ColorSetup.swift; sourceTree = "<group>"; };
		DAD3E39F2969D6AE00EFDF5E /* Extensions.swift */ = {isa = PBXFileReference; lastKnownFileType = sourcecode.swift; path = Extensions.swift; sourceTree = "<group>"; };
		DADF8B7D29675E260019A118 /* EventsManager.swift */ = {isa = PBXFileReference; lastKnownFileType = sourcecode.swift; path = EventsManager.swift; sourceTree = "<group>"; };
		DADF8B7F29675FA10019A118 /* EventEditViewController.swift */ = {isa = PBXFileReference; lastKnownFileType = sourcecode.swift; path = EventEditViewController.swift; sourceTree = "<group>"; };
		DAFD84B4296D53C4008B7F73 /* Alerts.swift */ = {isa = PBXFileReference; lastKnownFileType = sourcecode.swift; path = Alerts.swift; sourceTree = "<group>"; };
		DAFD84B7296D5875008B7F73 /* WallpaperSetup.swift */ = {isa = PBXFileReference; lastKnownFileType = sourcecode.swift; path = WallpaperSetup.swift; sourceTree = "<group>"; };
/* End PBXFileReference section */

/* Begin PBXFrameworksBuildPhase section */
		DA20DC0B29670DDF00ECD829 /* Frameworks */ = {
			isa = PBXFrameworksBuildPhase;
			buildActionMask = 2147483647;
			files = (
				DAC54D6C296AF4BC00125ADF /* Pikko in Frameworks */,
				DA0674462968392000817FC8 /* RealmSwift in Frameworks */,
				DA3B033B2967259E0038307C /* FSCalendar in Frameworks */,
			);
			runOnlyForDeploymentPostprocessing = 0;
		};
/* End PBXFrameworksBuildPhase section */

/* Begin PBXGroup section */
		DA06744929684F3D00817FC8 /* Helpers */ = {
			isa = PBXGroup;
			children = (
				DADF8B7D29675E260019A118 /* EventsManager.swift */,
				DA0674472968418400817FC8 /* StorageManager.swift */,
				DA06743C29682B0600817FC8 /* Time.swift */,
				DA00C104296B4A660091D13A /* ThemeManager.swift */,
				DA6F8ABE296C02B20077DCDB /* ViewController - Extensions.swift */,
				DAFD84B4296D53C4008B7F73 /* Alerts.swift */,
				DA4A547A29716A1200E86F6F /* CloudConfig.swift */,
				DA4A547B29716A1200E86F6F /* CloudManager.swift */,
			);
			path = Helpers;
			sourceTree = "<group>";
		};
		DA06744A29684F7700817FC8 /* Models */ = {
			isa = PBXGroup;
			children = (
				DA067442296838E600817FC8 /* EventModel.swift */,
			);
			path = Models;
			sourceTree = "<group>";
		};
		DA06744B29684F8D00817FC8 /* Controllers */ = {
			isa = PBXGroup;
			children = (
				DA20DC1529670DDF00ECD829 /* ViewController.swift */,
				DADF8B7F29675FA10019A118 /* EventEditViewController.swift */,
				DAAE4CFD29698EF000682675 /* SearchTableViewController.swift */,
				DAC54D5D296AD53B00125ADF /* SettingsViewController.swift */,
				DAC54D68296AF32A00125ADF /* ColorSetup.swift */,
				DAFD84B7296D5875008B7F73 /* WallpaperSetup.swift */,
			);
			path = Controllers;
			sourceTree = "<group>";
		};
		DA06744C29684FA900817FC8 /* Supporting Files */ = {
			isa = PBXGroup;
			children = (
				DA20DC1129670DDF00ECD829 /* AppDelegate.swift */,
				DA20DC1329670DDF00ECD829 /* SceneDelegate.swift */,
				DAD3E39F2969D6AE00EFDF5E /* Extensions.swift */,
				DA20DC1D29670DE000ECD829 /* Assets.xcassets */,
				DA20DC2229670DE000ECD829 /* Info.plist */,
			);
			path = "Supporting Files";
			sourceTree = "<group>";
		};
		DA20DC0529670DDF00ECD829 = {
			isa = PBXGroup;
			children = (
				DA6D7666296EC3ED005BD178 /* MyEventPlanner.entitlements */,
				DA20DC1029670DDF00ECD829 /* EventsCalendar */,
				DA20DC0F29670DDF00ECD829 /* Products */,
			);
			sourceTree = "<group>";
		};
		DA20DC0F29670DDF00ECD829 /* Products */ = {
			isa = PBXGroup;
			children = (
				DA20DC0E29670DDF00ECD829 /* EventList.app */,
			);
			name = Products;
			sourceTree = "<group>";
		};
		DA20DC1029670DDF00ECD829 /* EventsCalendar */ = {
			isa = PBXGroup;
			children = (
				DA50AE76296AD2DB00825C36 /* Storyboards */,
				DA06744A29684F7700817FC8 /* Models */,
				DAAEEA2A2968502300D8CD3B /* Views */,
				DA06744B29684F8D00817FC8 /* Controllers */,
				DA06744929684F3D00817FC8 /* Helpers */,
				DA06744C29684FA900817FC8 /* Supporting Files */,
			);
			path = EventsCalendar;
			sourceTree = "<group>";
		};
		DA50AE76296AD2DB00825C36 /* Storyboards */ = {
			isa = PBXGroup;
			children = (
				DA20DC1729670DDF00ECD829 /* Main.storyboard */,
				DA20DC1F29670DE000ECD829 /* LaunchScreen.storyboard */,
			);
			path = Storyboards;
			sourceTree = "<group>";
		};
		DA50AE77296AD34B00825C36 /* ColorCell */ = {
			isa = PBXGroup;
			children = (
				DA50AE74296AC80A00825C36 /* ColorCollectionViewCell.swift */,
			);
			path = ColorCell;
			sourceTree = "<group>";
		};
		DAAEEA2A2968502300D8CD3B /* Views */ = {
			isa = PBXGroup;
			children = (
				DAAEEA2B2968543900D8CD3B /* Cells */,
				DA50AE72296AC01000825C36 /* Circle.swift */,
				DA8D8E01297032C000CD764B /* TintTextField.swift */,
			);
			path = Views;
			sourceTree = "<group>";
		};
		DAAEEA2B2968543900D8CD3B /* Cells */ = {
			isa = PBXGroup;
			children = (
				DAAEEA2C2968544000D8CD3B /* EventCell */,
				DA50AE77296AD34B00825C36 /* ColorCell */,
				DAFD84B6296D552B008B7F73 /* SettingsCell */,
			);
			path = Cells;
			sourceTree = "<group>";
		};
		DAAEEA2C2968544000D8CD3B /* EventCell */ = {
			isa = PBXGroup;
			children = (
				DA06744029682F2800817FC8 /* EventCell.xib */,
				DA06743E29682F1B00817FC8 /* EventTableViewCell.swift */,
			);
			path = EventCell;
			sourceTree = "<group>";
		};
		DAFD84B6296D552B008B7F73 /* SettingsCell */ = {
			isa = PBXGroup;
			children = (
				DAC54D5F296AE05400125ADF /* ColorSettingsCell.xib */,
				DAC54D61296AE0E100125ADF /* ColorSettingsTableViewCell.swift */,
			);
			path = SettingsCell;
			sourceTree = "<group>";
		};
/* End PBXGroup section */

/* Begin PBXNativeTarget section */
		DA20DC0D29670DDF00ECD829 /* EventList */ = {
			isa = PBXNativeTarget;
			buildConfigurationList = DA20DC2529670DE000ECD829 /* Build configuration list for PBXNativeTarget "EventList" */;
			buildPhases = (
				DA20DC0A29670DDF00ECD829 /* Sources */,
				DA20DC0B29670DDF00ECD829 /* Frameworks */,
				DA20DC0C29670DDF00ECD829 /* Resources */,
			);
			buildRules = (
			);
			dependencies = (
			);
			name = EventList;
			packageProductDependencies = (
				DA3B033A2967259E0038307C /* FSCalendar */,
				DA0674452968392000817FC8 /* RealmSwift */,
				DAC54D6B296AF4BC00125ADF /* Pikko */,
			);
			productName = EventsCalendar;
			productReference = DA20DC0E29670DDF00ECD829 /* EventList.app */;
			productType = "com.apple.product-type.application";
		};
/* End PBXNativeTarget section */

/* Begin PBXProject section */
		DA20DC0629670DDF00ECD829 /* Project object */ = {
			isa = PBXProject;
			attributes = {
				BuildIndependentTargetsInParallel = 1;
				LastSwiftUpdateCheck = 1420;
				LastUpgradeCheck = 1420;
				TargetAttributes = {
					DA20DC0D29670DDF00ECD829 = {
						CreatedOnToolsVersion = 14.2;
					};
				};
			};
			buildConfigurationList = DA20DC0929670DDF00ECD829 /* Build configuration list for PBXProject "EventList" */;
			compatibilityVersion = "Xcode 14.0";
			developmentRegion = en;
			hasScannedForEncodings = 0;
			knownRegions = (
				en,
				Base,
			);
			mainGroup = DA20DC0529670DDF00ECD829;
			packageReferences = (
				DA3B03392967259E0038307C /* XCRemoteSwiftPackageReference "FSCalendar" */,
				DA0674442968392000817FC8 /* XCRemoteSwiftPackageReference "realm-swift" */,
				DAC54D6A296AF4BB00125ADF /* XCRemoteSwiftPackageReference "pikko" */,
			);
			productRefGroup = DA20DC0F29670DDF00ECD829 /* Products */;
			projectDirPath = "";
			projectRoot = "";
			targets = (
				DA20DC0D29670DDF00ECD829 /* EventList */,
			);
		};
/* End PBXProject section */

/* Begin PBXResourcesBuildPhase section */
		DA20DC0C29670DDF00ECD829 /* Resources */ = {
			isa = PBXResourcesBuildPhase;
			buildActionMask = 2147483647;
			files = (
				DAC54D60296AE05400125ADF /* ColorSettingsCell.xib in Resources */,
				DA06744129682F2800817FC8 /* EventCell.xib in Resources */,
				DA20DC2129670DE000ECD829 /* LaunchScreen.storyboard in Resources */,
				DA20DC1E29670DE000ECD829 /* Assets.xcassets in Resources */,
				DA20DC1929670DDF00ECD829 /* Main.storyboard in Resources */,
			);
			runOnlyForDeploymentPostprocessing = 0;
		};
/* End PBXResourcesBuildPhase section */

/* Begin PBXSourcesBuildPhase section */
		DA20DC0A29670DDF00ECD829 /* Sources */ = {
			isa = PBXSourcesBuildPhase;
			buildActionMask = 2147483647;
			files = (
				DA6F8ABF296C02B20077DCDB /* ViewController - Extensions.swift in Sources */,
				DA4A547C29716A1200E86F6F /* CloudConfig.swift in Sources */,
				DA50AE75296AC80A00825C36 /* ColorCollectionViewCell.swift in Sources */,
				DA06743F29682F1B00817FC8 /* EventTableViewCell.swift in Sources */,
				DA8D8E02297032C000CD764B /* TintTextField.swift in Sources */,
				DA50AE73296AC01000825C36 /* Circle.swift in Sources */,
				DA20DC1629670DDF00ECD829 /* ViewController.swift in Sources */,
				DADF8B8029675FA10019A118 /* EventEditViewController.swift in Sources */,
				DAC54D5E296AD53B00125ADF /* SettingsViewController.swift in Sources */,
				DA20DC1229670DDF00ECD829 /* AppDelegate.swift in Sources */,
				DA06743D29682B0600817FC8 /* Time.swift in Sources */,
				DAC54D69296AF32A00125ADF /* ColorSetup.swift in Sources */,
				DAAE4CFE29698EF000682675 /* SearchTableViewController.swift in Sources */,
				DAD3E3A02969D6AE00EFDF5E /* Extensions.swift in Sources */,
				DA20DC1429670DDF00ECD829 /* SceneDelegate.swift in Sources */,
				DA0674482968418500817FC8 /* StorageManager.swift in Sources */,
				DAC54D62296AE0E100125ADF /* ColorSettingsTableViewCell.swift in Sources */,
				DA067443296838E600817FC8 /* EventModel.swift in Sources */,
				DADF8B7E29675E260019A118 /* EventsManager.swift in Sources */,
				DAFD84B5296D53C4008B7F73 /* Alerts.swift in Sources */,
				DAFD84B8296D5875008B7F73 /* WallpaperSetup.swift in Sources */,
				DA00C105296B4A660091D13A /* ThemeManager.swift in Sources */,
				DA4A547D29716A1200E86F6F /* CloudManager.swift in Sources */,
			);
			runOnlyForDeploymentPostprocessing = 0;
		};
/* End PBXSourcesBuildPhase section */

/* Begin PBXVariantGroup section */
		DA20DC1729670DDF00ECD829 /* Main.storyboard */ = {
			isa = PBXVariantGroup;
			children = (
				DA20DC1829670DDF00ECD829 /* Base */,
			);
			name = Main.storyboard;
			sourceTree = "<group>";
		};
		DA20DC1F29670DE000ECD829 /* LaunchScreen.storyboard */ = {
			isa = PBXVariantGroup;
			children = (
				DA20DC2029670DE000ECD829 /* Base */,
			);
			name = LaunchScreen.storyboard;
			sourceTree = "<group>";
		};
/* End PBXVariantGroup section */

/* Begin XCBuildConfiguration section */
		DA20DC2329670DE000ECD829 /* Debug */ = {
			isa = XCBuildConfiguration;
			buildSettings = {
				ALWAYS_SEARCH_USER_PATHS = NO;
				CLANG_ANALYZER_NONNULL = YES;
				CLANG_ANALYZER_NUMBER_OBJECT_CONVERSION = YES_AGGRESSIVE;
				CLANG_CXX_LANGUAGE_STANDARD = "gnu++20";
				CLANG_ENABLE_MODULES = YES;
				CLANG_ENABLE_OBJC_ARC = YES;
				CLANG_ENABLE_OBJC_WEAK = YES;
				CLANG_WARN_BLOCK_CAPTURE_AUTORELEASING = YES;
				CLANG_WARN_BOOL_CONVERSION = YES;
				CLANG_WARN_COMMA = YES;
				CLANG_WARN_CONSTANT_CONVERSION = YES;
				CLANG_WARN_DEPRECATED_OBJC_IMPLEMENTATIONS = YES;
				CLANG_WARN_DIRECT_OBJC_ISA_USAGE = YES_ERROR;
				CLANG_WARN_DOCUMENTATION_COMMENTS = YES;
				CLANG_WARN_EMPTY_BODY = YES;
				CLANG_WARN_ENUM_CONVERSION = YES;
				CLANG_WARN_INFINITE_RECURSION = YES;
				CLANG_WARN_INT_CONVERSION = YES;
				CLANG_WARN_NON_LITERAL_NULL_CONVERSION = YES;
				CLANG_WARN_OBJC_IMPLICIT_RETAIN_SELF = YES;
				CLANG_WARN_OBJC_LITERAL_CONVERSION = YES;
				CLANG_WARN_OBJC_ROOT_CLASS = YES_ERROR;
				CLANG_WARN_QUOTED_INCLUDE_IN_FRAMEWORK_HEADER = YES;
				CLANG_WARN_RANGE_LOOP_ANALYSIS = YES;
				CLANG_WARN_STRICT_PROTOTYPES = YES;
				CLANG_WARN_SUSPICIOUS_MOVE = YES;
				CLANG_WARN_UNGUARDED_AVAILABILITY = YES_AGGRESSIVE;
				CLANG_WARN_UNREACHABLE_CODE = YES;
				CLANG_WARN__DUPLICATE_METHOD_MATCH = YES;
				COPY_PHASE_STRIP = NO;
				DEBUG_INFORMATION_FORMAT = dwarf;
				ENABLE_STRICT_OBJC_MSGSEND = YES;
				ENABLE_TESTABILITY = YES;
				GCC_C_LANGUAGE_STANDARD = gnu11;
				GCC_DYNAMIC_NO_PIC = NO;
				GCC_NO_COMMON_BLOCKS = YES;
				GCC_OPTIMIZATION_LEVEL = 0;
				GCC_PREPROCESSOR_DEFINITIONS = (
					"DEBUG=1",
					"$(inherited)",
				);
				GCC_WARN_64_TO_32_BIT_CONVERSION = YES;
				GCC_WARN_ABOUT_RETURN_TYPE = YES_ERROR;
				GCC_WARN_UNDECLARED_SELECTOR = YES;
				GCC_WARN_UNINITIALIZED_AUTOS = YES_AGGRESSIVE;
				GCC_WARN_UNUSED_FUNCTION = YES;
				GCC_WARN_UNUSED_VARIABLE = YES;
				IPHONEOS_DEPLOYMENT_TARGET = 14.0;
				MTL_ENABLE_DEBUG_INFO = INCLUDE_SOURCE;
				MTL_FAST_MATH = YES;
				ONLY_ACTIVE_ARCH = YES;
				SDKROOT = iphoneos;
				SWIFT_ACTIVE_COMPILATION_CONDITIONS = DEBUG;
				SWIFT_OPTIMIZATION_LEVEL = "-Onone";
			};
			name = Debug;
		};
		DA20DC2429670DE000ECD829 /* Release */ = {
			isa = XCBuildConfiguration;
			buildSettings = {
				ALWAYS_SEARCH_USER_PATHS = NO;
				CLANG_ANALYZER_NONNULL = YES;
				CLANG_ANALYZER_NUMBER_OBJECT_CONVERSION = YES_AGGRESSIVE;
				CLANG_CXX_LANGUAGE_STANDARD = "gnu++20";
				CLANG_ENABLE_MODULES = YES;
				CLANG_ENABLE_OBJC_ARC = YES;
				CLANG_ENABLE_OBJC_WEAK = YES;
				CLANG_WARN_BLOCK_CAPTURE_AUTORELEASING = YES;
				CLANG_WARN_BOOL_CONVERSION = YES;
				CLANG_WARN_COMMA = YES;
				CLANG_WARN_CONSTANT_CONVERSION = YES;
				CLANG_WARN_DEPRECATED_OBJC_IMPLEMENTATIONS = YES;
				CLANG_WARN_DIRECT_OBJC_ISA_USAGE = YES_ERROR;
				CLANG_WARN_DOCUMENTATION_COMMENTS = YES;
				CLANG_WARN_EMPTY_BODY = YES;
				CLANG_WARN_ENUM_CONVERSION = YES;
				CLANG_WARN_INFINITE_RECURSION = YES;
				CLANG_WARN_INT_CONVERSION = YES;
				CLANG_WARN_NON_LITERAL_NULL_CONVERSION = YES;
				CLANG_WARN_OBJC_IMPLICIT_RETAIN_SELF = YES;
				CLANG_WARN_OBJC_LITERAL_CONVERSION = YES;
				CLANG_WARN_OBJC_ROOT_CLASS = YES_ERROR;
				CLANG_WARN_QUOTED_INCLUDE_IN_FRAMEWORK_HEADER = YES;
				CLANG_WARN_RANGE_LOOP_ANALYSIS = YES;
				CLANG_WARN_STRICT_PROTOTYPES = YES;
				CLANG_WARN_SUSPICIOUS_MOVE = YES;
				CLANG_WARN_UNGUARDED_AVAILABILITY = YES_AGGRESSIVE;
				CLANG_WARN_UNREACHABLE_CODE = YES;
				CLANG_WARN__DUPLICATE_METHOD_MATCH = YES;
				COPY_PHASE_STRIP = NO;
				DEBUG_INFORMATION_FORMAT = "dwarf-with-dsym";
				ENABLE_NS_ASSERTIONS = NO;
				ENABLE_STRICT_OBJC_MSGSEND = YES;
				GCC_C_LANGUAGE_STANDARD = gnu11;
				GCC_NO_COMMON_BLOCKS = YES;
				GCC_WARN_64_TO_32_BIT_CONVERSION = YES;
				GCC_WARN_ABOUT_RETURN_TYPE = YES_ERROR;
				GCC_WARN_UNDECLARED_SELECTOR = YES;
				GCC_WARN_UNINITIALIZED_AUTOS = YES_AGGRESSIVE;
				GCC_WARN_UNUSED_FUNCTION = YES;
				GCC_WARN_UNUSED_VARIABLE = YES;
				IPHONEOS_DEPLOYMENT_TARGET = 14.0;
				MTL_ENABLE_DEBUG_INFO = NO;
				MTL_FAST_MATH = YES;
				SDKROOT = iphoneos;
				SWIFT_COMPILATION_MODE = wholemodule;
				SWIFT_OPTIMIZATION_LEVEL = "-O";
				VALIDATE_PRODUCT = YES;
			};
			name = Release;
		};
		DA20DC2629670DE000ECD829 /* Debug */ = {
			isa = XCBuildConfiguration;
			buildSettings = {
				ASSETCATALOG_COMPILER_APPICON_NAME = AppIcon;
				ASSETCATALOG_COMPILER_GLOBAL_ACCENT_COLOR_NAME = AccentColor;
				CODE_SIGN_ENTITLEMENTS = MyEventPlanner.entitlements;
				CODE_SIGN_STYLE = Automatic;
				CURRENT_PROJECT_VERSION = 11;
				DEVELOPMENT_TEAM = 7GM9RUFL9F;
				GENERATE_INFOPLIST_FILE = YES;
				INFOPLIST_FILE = "EventsCalendar/Supporting Files/Info.plist";
				INFOPLIST_KEY_CFBundleDisplayName = EventList;
				INFOPLIST_KEY_LSApplicationCategoryType = "public.app-category.productivity";
				INFOPLIST_KEY_NSPhotoLibraryUsageDescription = "Приложение хочет использовать Ваши изображения.";
				INFOPLIST_KEY_UIApplicationSupportsIndirectInputEvents = YES;
				INFOPLIST_KEY_UILaunchStoryboardName = LaunchScreen;
				INFOPLIST_KEY_UIMainStoryboardFile = Main;
				INFOPLIST_KEY_UISupportedInterfaceOrientations_iPad = UIInterfaceOrientationPortrait;
				INFOPLIST_KEY_UISupportedInterfaceOrientations_iPhone = UIInterfaceOrientationPortrait;
				INFOPLIST_KEY_UIUserInterfaceStyle = Dark;
				"INFOPLIST_KEY_UIUserInterfaceStyle[sdk=*]" = Dark;
				LD_RUNPATH_SEARCH_PATHS = (
					"$(inherited)",
					"@executable_path/Frameworks",
				);
				MARKETING_VERSION = 1.0;
				PRODUCT_BUNDLE_IDENTIFIER = mttm1249.EventPlannerApp;
				PRODUCT_NAME = "$(TARGET_NAME)";
				SUPPORTED_PLATFORMS = "iphoneos iphonesimulator";
				SUPPORTS_MACCATALYST = NO;
				SUPPORTS_MAC_DESIGNED_FOR_IPHONE_IPAD = NO;
				SWIFT_EMIT_LOC_STRINGS = YES;
				SWIFT_VERSION = 5.0;
				TARGETED_DEVICE_FAMILY = 1;
			};
			name = Debug;
		};
		DA20DC2729670DE000ECD829 /* Release */ = {
			isa = XCBuildConfiguration;
			buildSettings = {
				ASSETCATALOG_COMPILER_APPICON_NAME = AppIcon;
				ASSETCATALOG_COMPILER_GLOBAL_ACCENT_COLOR_NAME = AccentColor;
				CODE_SIGN_ENTITLEMENTS = MyEventPlanner.entitlements;
				CODE_SIGN_STYLE = Automatic;
				CURRENT_PROJECT_VERSION = 11;
				DEVELOPMENT_TEAM = 7GM9RUFL9F;
				GENERATE_INFOPLIST_FILE = YES;
				INFOPLIST_FILE = "EventsCalendar/Supporting Files/Info.plist";
				INFOPLIST_KEY_CFBundleDisplayName = EventList;
				INFOPLIST_KEY_LSApplicationCategoryType = "public.app-category.productivity";
				INFOPLIST_KEY_NSPhotoLibraryUsageDescription = "Приложение хочет использовать Ваши изображения.";
				INFOPLIST_KEY_UIApplicationSupportsIndirectInputEvents = YES;
				INFOPLIST_KEY_UILaunchStoryboardName = LaunchScreen;
				INFOPLIST_KEY_UIMainStoryboardFile = Main;
				INFOPLIST_KEY_UISupportedInterfaceOrientations_iPad = UIInterfaceOrientationPortrait;
				INFOPLIST_KEY_UISupportedInterfaceOrientations_iPhone = UIInterfaceOrientationPortrait;
				INFOPLIST_KEY_UIUserInterfaceStyle = Dark;
				LD_RUNPATH_SEARCH_PATHS = (
					"$(inherited)",
					"@executable_path/Frameworks",
				);
				MARKETING_VERSION = 1.0;
				PRODUCT_BUNDLE_IDENTIFIER = mttm1249.EventPlannerApp;
				PRODUCT_NAME = "$(TARGET_NAME)";
				SUPPORTED_PLATFORMS = "iphoneos iphonesimulator";
				SUPPORTS_MACCATALYST = NO;
				SUPPORTS_MAC_DESIGNED_FOR_IPHONE_IPAD = NO;
				SWIFT_EMIT_LOC_STRINGS = YES;
				SWIFT_VERSION = 5.0;
				TARGETED_DEVICE_FAMILY = 1;
			};
			name = Release;
		};
/* End XCBuildConfiguration section */

/* Begin XCConfigurationList section */
		DA20DC0929670DDF00ECD829 /* Build configuration list for PBXProject "EventList" */ = {
			isa = XCConfigurationList;
			buildConfigurations = (
				DA20DC2329670DE000ECD829 /* Debug */,
				DA20DC2429670DE000ECD829 /* Release */,
			);
			defaultConfigurationIsVisible = 0;
			defaultConfigurationName = Release;
		};
		DA20DC2529670DE000ECD829 /* Build configuration list for PBXNativeTarget "EventList" */ = {
			isa = XCConfigurationList;
			buildConfigurations = (
				DA20DC2629670DE000ECD829 /* Debug */,
				DA20DC2729670DE000ECD829 /* Release */,
			);
			defaultConfigurationIsVisible = 0;
			defaultConfigurationName = Release;
		};
/* End XCConfigurationList section */

/* Begin XCRemoteSwiftPackageReference section */
		DA0674442968392000817FC8 /* XCRemoteSwiftPackageReference "realm-swift" */ = {
			isa = XCRemoteSwiftPackageReference;
			repositoryURL = "https://github.com/realm/realm-swift.git";
			requirement = {
				branch = master;
				kind = branch;
			};
		};
		DA3B03392967259E0038307C /* XCRemoteSwiftPackageReference "FSCalendar" */ = {
			isa = XCRemoteSwiftPackageReference;
			repositoryURL = "https://github.com/WenchaoD/FSCalendar.git";
			requirement = {
				kind = upToNextMajorVersion;
				minimumVersion = 2.0.0;
			};
		};
		DAC54D6A296AF4BB00125ADF /* XCRemoteSwiftPackageReference "pikko" */ = {
			isa = XCRemoteSwiftPackageReference;
			repositoryURL = "https://github.com/melloskitten/pikko";
			requirement = {
				kind = upToNextMajorVersion;
				minimumVersion = 1.0.0;
			};
		};
/* End XCRemoteSwiftPackageReference section */

/* Begin XCSwiftPackageProductDependency section */
		DA0674452968392000817FC8 /* RealmSwift */ = {
			isa = XCSwiftPackageProductDependency;
			package = DA0674442968392000817FC8 /* XCRemoteSwiftPackageReference "realm-swift" */;
			productName = RealmSwift;
		};
		DA3B033A2967259E0038307C /* FSCalendar */ = {
			isa = XCSwiftPackageProductDependency;
			package = DA3B03392967259E0038307C /* XCRemoteSwiftPackageReference "FSCalendar" */;
			productName = FSCalendar;
		};
		DAC54D6B296AF4BC00125ADF /* Pikko */ = {
			isa = XCSwiftPackageProductDependency;
			package = DAC54D6A296AF4BB00125ADF /* XCRemoteSwiftPackageReference "pikko" */;
			productName = Pikko;
		};
/* End XCSwiftPackageProductDependency section */
	};
	rootObject = DA20DC0629670DDF00ECD829 /* Project object */;
}
